// !$*UTF8*$!
{
	archiveVersion = 1;
	classes = {
	};
	objectVersion = 56;
	objects = {

/* Begin PBXBuildFile section */
		B941A3AF28A026D6005533D1 /* AVKit.framework in Frameworks */ = {isa = PBXBuildFile; fileRef = B941A3AB28A026D5005533D1 /* AVKit.framework */; };
		B941A3B028A026D6005533D1 /* AVFoundation.framework in Frameworks */ = {isa = PBXBuildFile; fileRef = B941A3AC28A026D5005533D1 /* AVFoundation.framework */; };
		B941A3B128A026D6005533D1 /* AVRouting.framework in Frameworks */ = {isa = PBXBuildFile; fileRef = B941A3AD28A026D6005533D1 /* AVRouting.framework */; };
		B941A3B228A026D6005533D1 /* AVFAudio.framework in Frameworks */ = {isa = PBXBuildFile; fileRef = B941A3AE28A026D6005533D1 /* AVFAudio.framework */; };
		B9F10662289A1501007BC7F7 /* AppDelegate.m in Sources */ = {isa = PBXBuildFile; fileRef = B9F10661289A1501007BC7F7 /* AppDelegate.m */; };
		B9F10665289A1501007BC7F7 /* SceneDelegate.m in Sources */ = {isa = PBXBuildFile; fileRef = B9F10664289A1501007BC7F7 /* SceneDelegate.m */; };
		B9F10668289A1501007BC7F7 /* ViewController.m in Sources */ = {isa = PBXBuildFile; fileRef = B9F10667289A1501007BC7F7 /* ViewController.m */; };
		B9F1066B289A1501007BC7F7 /* Main.storyboard in Resources */ = {isa = PBXBuildFile; fileRef = B9F10669289A1501007BC7F7 /* Main.storyboard */; };
		B9F1066D289A1501007BC7F7 /* Assets.xcassets in Resources */ = {isa = PBXBuildFile; fileRef = B9F1066C289A1501007BC7F7 /* Assets.xcassets */; };
		B9F10670289A1501007BC7F7 /* LaunchScreen.storyboard in Resources */ = {isa = PBXBuildFile; fileRef = B9F1066E289A1501007BC7F7 /* LaunchScreen.storyboard */; };
		B9F10673289A1501007BC7F7 /* main.m in Sources */ = {isa = PBXBuildFile; fileRef = B9F10672289A1501007BC7F7 /* main.m */; };
/* End PBXBuildFile section */

/* Begin PBXFileReference section */
		B941A3AB28A026D5005533D1 /* AVKit.framework */ = {isa = PBXFileReference; lastKnownFileType = wrapper.framework; name = AVKit.framework; path = System/Library/Frameworks/AVKit.framework; sourceTree = SDKROOT; };
		B941A3AC28A026D5005533D1 /* AVFoundation.framework */ = {isa = PBXFileReference; lastKnownFileType = wrapper.framework; name = AVFoundation.framework; path = System/Library/Frameworks/AVFoundation.framework; sourceTree = SDKROOT; };
		B941A3AD28A026D6005533D1 /* AVRouting.framework */ = {isa = PBXFileReference; lastKnownFileType = wrapper.framework; name = AVRouting.framework; path = System/Library/Frameworks/AVRouting.framework; sourceTree = SDKROOT; };
		B941A3AE28A026D6005533D1 /* AVFAudio.framework */ = {isa = PBXFileReference; lastKnownFileType = wrapper.framework; name = AVFAudio.framework; path = System/Library/Frameworks/AVFAudio.framework; sourceTree = SDKROOT; };
		B9F1065D289A1501007BC7F7 /* tone_barrier.app */ = {isa = PBXFileReference; explicitFileType = wrapper.application; includeInIndex = 0; path = tone_barrier.app; sourceTree = BUILT_PRODUCTS_DIR; };
		B9F10660289A1501007BC7F7 /* AppDelegate.h */ = {isa = PBXFileReference; lastKnownFileType = sourcecode.c.h; path = AppDelegate.h; sourceTree = "<group>"; };
		B9F10661289A1501007BC7F7 /* AppDelegate.m */ = {isa = PBXFileReference; lastKnownFileType = sourcecode.c.objc; path = AppDelegate.m; sourceTree = "<group>"; };
		B9F10663289A1501007BC7F7 /* SceneDelegate.h */ = {isa = PBXFileReference; lastKnownFileType = sourcecode.c.h; path = SceneDelegate.h; sourceTree = "<group>"; };
		B9F10664289A1501007BC7F7 /* SceneDelegate.m */ = {isa = PBXFileReference; lastKnownFileType = sourcecode.c.objc; path = SceneDelegate.m; sourceTree = "<group>"; };
		B9F10666289A1501007BC7F7 /* ViewController.h */ = {isa = PBXFileReference; lastKnownFileType = sourcecode.c.h; path = ViewController.h; sourceTree = "<group>"; };
		B9F10667289A1501007BC7F7 /* ViewController.m */ = {isa = PBXFileReference; lastKnownFileType = sourcecode.c.objc; path = ViewController.m; sourceTree = "<group>"; wrapsLines = 0; };
		B9F1066A289A1501007BC7F7 /* Base */ = {isa = PBXFileReference; lastKnownFileType = file.storyboard; name = Base; path = Base.lproj/Main.storyboard; sourceTree = "<group>"; };
		B9F1066C289A1501007BC7F7 /* Assets.xcassets */ = {isa = PBXFileReference; lastKnownFileType = folder.assetcatalog; path = Assets.xcassets; sourceTree = "<group>"; };
		B9F1066F289A1501007BC7F7 /* Base */ = {isa = PBXFileReference; lastKnownFileType = file.storyboard; name = Base; path = Base.lproj/LaunchScreen.storyboard; sourceTree = "<group>"; };
		B9F10671289A1501007BC7F7 /* Info.plist */ = {isa = PBXFileReference; lastKnownFileType = text.plist.xml; path = Info.plist; sourceTree = "<group>"; };
		B9F10672289A1501007BC7F7 /* main.m */ = {isa = PBXFileReference; lastKnownFileType = sourcecode.c.objc; path = main.m; sourceTree = "<group>"; };
		B9F10679289AAA1A007BC7F7 /* ViewController+AudioController.h */ = {isa = PBXFileReference; lastKnownFileType = sourcecode.c.h; path = "ViewController+AudioController.h"; sourceTree = "<group>"; wrapsLines = 0; };
/* End PBXFileReference section */

/* Begin PBXFrameworksBuildPhase section */
		B9F1065A289A1501007BC7F7 /* Frameworks */ = {
			isa = PBXFrameworksBuildPhase;
			buildActionMask = 2147483647;
			files = (
				B941A3B028A026D6005533D1 /* AVFoundation.framework in Frameworks */,
				B941A3B228A026D6005533D1 /* AVFAudio.framework in Frameworks */,
				B941A3AF28A026D6005533D1 /* AVKit.framework in Frameworks */,
				B941A3B128A026D6005533D1 /* AVRouting.framework in Frameworks */,
			);
			runOnlyForDeploymentPostprocessing = 0;
		};
/* End PBXFrameworksBuildPhase section */

/* Begin PBXGroup section */
		B941A3AA28A026D5005533D1 /* Frameworks */ = {
			isa = PBXGroup;
			children = (
				B941A3AE28A026D6005533D1 /* AVFAudio.framework */,
				B941A3AC28A026D5005533D1 /* AVFoundation.framework */,
				B941A3AB28A026D5005533D1 /* AVKit.framework */,
				B941A3AD28A026D6005533D1 /* AVRouting.framework */,
			);
			name = Frameworks;
			sourceTree = "<group>";
		};
		B9F10654289A1501007BC7F7 = {
			isa = PBXGroup;
			children = (
				B9F1065F289A1501007BC7F7 /* tone_barrier */,
				B9F1065E289A1501007BC7F7 /* Products */,
				B941A3AA28A026D5005533D1 /* Frameworks */,
			);
			sourceTree = "<group>";
		};
		B9F1065E289A1501007BC7F7 /* Products */ = {
			isa = PBXGroup;
			children = (
				B9F1065D289A1501007BC7F7 /* tone_barrier.app */,
			);
			name = Products;
			sourceTree = "<group>";
		};
		B9F1065F289A1501007BC7F7 /* tone_barrier */ = {
			isa = PBXGroup;
			children = (
				B9F10660289A1501007BC7F7 /* AppDelegate.h */,
				B9F10661289A1501007BC7F7 /* AppDelegate.m */,
				B9F10663289A1501007BC7F7 /* SceneDelegate.h */,
				B9F10664289A1501007BC7F7 /* SceneDelegate.m */,
				B9F10666289A1501007BC7F7 /* ViewController.h */,
				B9F10667289A1501007BC7F7 /* ViewController.m */,
				B9F10679289AAA1A007BC7F7 /* ViewController+AudioController.h */,
				B9F10669289A1501007BC7F7 /* Main.storyboard */,
				B9F1066E289A1501007BC7F7 /* LaunchScreen.storyboard */,
				B9F1066C289A1501007BC7F7 /* Assets.xcassets */,
				B9F10671289A1501007BC7F7 /* Info.plist */,
				B9F10672289A1501007BC7F7 /* main.m */,
			);
			path = tone_barrier;
			sourceTree = "<group>";
		};
/* End PBXGroup section */

/* Begin PBXNativeTarget section */
		B9F1065C289A1501007BC7F7 /* tone_barrier */ = {
			isa = PBXNativeTarget;
			buildConfigurationList = B9F10676289A1501007BC7F7 /* Build configuration list for PBXNativeTarget "tone_barrier" */;
			buildPhases = (
				B9F10659289A1501007BC7F7 /* Sources */,
				B9F1065A289A1501007BC7F7 /* Frameworks */,
				B9F1065B289A1501007BC7F7 /* Resources */,
			);
			buildRules = (
			);
			dependencies = (
			);
			name = tone_barrier;
			productName = tone_barrier;
			productReference = B9F1065D289A1501007BC7F7 /* tone_barrier.app */;
			productType = "com.apple.product-type.application";
		};
/* End PBXNativeTarget section */

/* Begin PBXProject section */
		B9F10655289A1501007BC7F7 /* Project object */ = {
			isa = PBXProject;
			attributes = {
				BuildIndependentTargetsInParallel = 1;
				LastUpgradeCheck = 1400;
				TargetAttributes = {
					B9F1065C289A1501007BC7F7 = {
						CreatedOnToolsVersion = 14.0;
					};
				};
			};
			buildConfigurationList = B9F10658289A1501007BC7F7 /* Build configuration list for PBXProject "tone_barrier" */;
			compatibilityVersion = "Xcode 14.0";
			developmentRegion = en;
			hasScannedForEncodings = 0;
			knownRegions = (
				en,
				Base,
			);
			mainGroup = B9F10654289A1501007BC7F7;
			productRefGroup = B9F1065E289A1501007BC7F7 /* Products */;
			projectDirPath = "";
			projectRoot = "";
			targets = (
				B9F1065C289A1501007BC7F7 /* tone_barrier */,
			);
		};
/* End PBXProject section */

/* Begin PBXResourcesBuildPhase section */
		B9F1065B289A1501007BC7F7 /* Resources */ = {
			isa = PBXResourcesBuildPhase;
			buildActionMask = 2147483647;
			files = (
				B9F10670289A1501007BC7F7 /* LaunchScreen.storyboard in Resources */,
				B9F1066D289A1501007BC7F7 /* Assets.xcassets in Resources */,
				B9F1066B289A1501007BC7F7 /* Main.storyboard in Resources */,
			);
			runOnlyForDeploymentPostprocessing = 0;
		};
/* End PBXResourcesBuildPhase section */

/* Begin PBXSourcesBuildPhase section */
		B9F10659289A1501007BC7F7 /* Sources */ = {
			isa = PBXSourcesBuildPhase;
			buildActionMask = 2147483647;
			files = (
				B9F10668289A1501007BC7F7 /* ViewController.m in Sources */,
				B9F10662289A1501007BC7F7 /* AppDelegate.m in Sources */,
				B9F10673289A1501007BC7F7 /* main.m in Sources */,
				B9F10665289A1501007BC7F7 /* SceneDelegate.m in Sources */,
			);
			runOnlyForDeploymentPostprocessing = 0;
		};
/* End PBXSourcesBuildPhase section */

/* Begin PBXVariantGroup section */
		B9F10669289A1501007BC7F7 /* Main.storyboard */ = {
			isa = PBXVariantGroup;
			children = (
				B9F1066A289A1501007BC7F7 /* Base */,
			);
			name = Main.storyboard;
			sourceTree = "<group>";
		};
		B9F1066E289A1501007BC7F7 /* LaunchScreen.storyboard */ = {
			isa = PBXVariantGroup;
			children = (
				B9F1066F289A1501007BC7F7 /* Base */,
			);
			name = LaunchScreen.storyboard;
			sourceTree = "<group>";
		};
/* End PBXVariantGroup section */

/* Begin XCBuildConfiguration section */
		B9F10674289A1501007BC7F7 /* Debug */ = {
			isa = XCBuildConfiguration;
			buildSettings = {
				ALWAYS_SEARCH_USER_PATHS = NO;
				CLANG_ANALYZER_NONNULL = YES;
				CLANG_ANALYZER_NUMBER_OBJECT_CONVERSION = YES_AGGRESSIVE;
				CLANG_CXX_LANGUAGE_STANDARD = "gnu++20";
				CLANG_ENABLE_MODULES = YES;
				CLANG_ENABLE_OBJC_ARC = YES;
				CLANG_ENABLE_OBJC_WEAK = YES;
				CLANG_WARN_BLOCK_CAPTURE_AUTORELEASING = YES;
				CLANG_WARN_BOOL_CONVERSION = YES;
				CLANG_WARN_COMMA = YES;
				CLANG_WARN_CONSTANT_CONVERSION = YES;
				CLANG_WARN_DEPRECATED_OBJC_IMPLEMENTATIONS = YES;
				CLANG_WARN_DIRECT_OBJC_ISA_USAGE = YES_ERROR;
				CLANG_WARN_DOCUMENTATION_COMMENTS = YES;
				CLANG_WARN_EMPTY_BODY = YES;
				CLANG_WARN_ENUM_CONVERSION = YES;
				CLANG_WARN_INFINITE_RECURSION = YES;
				CLANG_WARN_INT_CONVERSION = YES;
				CLANG_WARN_NON_LITERAL_NULL_CONVERSION = YES;
				CLANG_WARN_OBJC_IMPLICIT_RETAIN_SELF = YES;
				CLANG_WARN_OBJC_LITERAL_CONVERSION = YES;
				CLANG_WARN_OBJC_ROOT_CLASS = YES_ERROR;
				CLANG_WARN_QUOTED_INCLUDE_IN_FRAMEWORK_HEADER = YES;
				CLANG_WARN_RANGE_LOOP_ANALYSIS = YES;
				CLANG_WARN_STRICT_PROTOTYPES = YES;
				CLANG_WARN_SUSPICIOUS_MOVE = YES;
				CLANG_WARN_UNGUARDED_AVAILABILITY = YES_AGGRESSIVE;
				CLANG_WARN_UNREACHABLE_CODE = YES;
				CLANG_WARN__DUPLICATE_METHOD_MATCH = YES;
				COPY_PHASE_STRIP = NO;
				DEBUG_INFORMATION_FORMAT = dwarf;
				ENABLE_STRICT_OBJC_MSGSEND = YES;
				ENABLE_TESTABILITY = YES;
				GCC_C_LANGUAGE_STANDARD = gnu11;
				GCC_DYNAMIC_NO_PIC = NO;
				GCC_NO_COMMON_BLOCKS = YES;
				GCC_OPTIMIZATION_LEVEL = 0;
				GCC_PREPROCESSOR_DEFINITIONS = (
					"DEBUG=1",
					"$(inherited)",
				);
				GCC_WARN_64_TO_32_BIT_CONVERSION = YES;
				GCC_WARN_ABOUT_RETURN_TYPE = YES_ERROR;
				GCC_WARN_UNDECLARED_SELECTOR = YES;
				GCC_WARN_UNINITIALIZED_AUTOS = YES_AGGRESSIVE;
				GCC_WARN_UNUSED_FUNCTION = YES;
				GCC_WARN_UNUSED_VARIABLE = YES;
				IPHONEOS_DEPLOYMENT_TARGET = 16.0;
				MTL_ENABLE_DEBUG_INFO = INCLUDE_SOURCE;
				MTL_FAST_MATH = YES;
				ONLY_ACTIVE_ARCH = YES;
				SDKROOT = iphoneos;
			};
			name = Debug;
		};
		B9F10675289A1501007BC7F7 /* Release */ = {
			isa = XCBuildConfiguration;
			buildSettings = {
				ALWAYS_SEARCH_USER_PATHS = NO;
				CLANG_ANALYZER_NONNULL = YES;
				CLANG_ANALYZER_NUMBER_OBJECT_CONVERSION = YES_AGGRESSIVE;
				CLANG_CXX_LANGUAGE_STANDARD = "gnu++20";
				CLANG_ENABLE_MODULES = YES;
				CLANG_ENABLE_OBJC_ARC = YES;
				CLANG_ENABLE_OBJC_WEAK = YES;
				CLANG_WARN_BLOCK_CAPTURE_AUTORELEASING = YES;
				CLANG_WARN_BOOL_CONVERSION = YES;
				CLANG_WARN_COMMA = YES;
				CLANG_WARN_CONSTANT_CONVERSION = YES;
				CLANG_WARN_DEPRECATED_OBJC_IMPLEMENTATIONS = YES;
				CLANG_WARN_DIRECT_OBJC_ISA_USAGE = YES_ERROR;
				CLANG_WARN_DOCUMENTATION_COMMENTS = YES;
				CLANG_WARN_EMPTY_BODY = YES;
				CLANG_WARN_ENUM_CONVERSION = YES;
				CLANG_WARN_INFINITE_RECURSION = YES;
				CLANG_WARN_INT_CONVERSION = YES;
				CLANG_WARN_NON_LITERAL_NULL_CONVERSION = YES;
				CLANG_WARN_OBJC_IMPLICIT_RETAIN_SELF = YES;
				CLANG_WARN_OBJC_LITERAL_CONVERSION = YES;
				CLANG_WARN_OBJC_ROOT_CLASS = YES_ERROR;
				CLANG_WARN_QUOTED_INCLUDE_IN_FRAMEWORK_HEADER = YES;
				CLANG_WARN_RANGE_LOOP_ANALYSIS = YES;
				CLANG_WARN_STRICT_PROTOTYPES = YES;
				CLANG_WARN_SUSPICIOUS_MOVE = YES;
				CLANG_WARN_UNGUARDED_AVAILABILITY = YES_AGGRESSIVE;
				CLANG_WARN_UNREACHABLE_CODE = YES;
				CLANG_WARN__DUPLICATE_METHOD_MATCH = YES;
				COPY_PHASE_STRIP = NO;
				DEBUG_INFORMATION_FORMAT = "dwarf-with-dsym";
				ENABLE_NS_ASSERTIONS = NO;
				ENABLE_STRICT_OBJC_MSGSEND = YES;
				GCC_C_LANGUAGE_STANDARD = gnu11;
				GCC_NO_COMMON_BLOCKS = YES;
				GCC_WARN_64_TO_32_BIT_CONVERSION = YES;
				GCC_WARN_ABOUT_RETURN_TYPE = YES_ERROR;
				GCC_WARN_UNDECLARED_SELECTOR = YES;
				GCC_WARN_UNINITIALIZED_AUTOS = YES_AGGRESSIVE;
				GCC_WARN_UNUSED_FUNCTION = YES;
				GCC_WARN_UNUSED_VARIABLE = YES;
				IPHONEOS_DEPLOYMENT_TARGET = 16.0;
				MTL_ENABLE_DEBUG_INFO = NO;
				MTL_FAST_MATH = YES;
				SDKROOT = iphoneos;
				VALIDATE_PRODUCT = YES;
			};
			name = Release;
		};
		B9F10677289A1501007BC7F7 /* Debug */ = {
			isa = XCBuildConfiguration;
			buildSettings = {
				ASSETCATALOG_COMPILER_APPICON_NAME = AppIcon;
				ASSETCATALOG_COMPILER_GLOBAL_ACCENT_COLOR_NAME = AccentColor;
				CODE_SIGN_STYLE = Automatic;
				CURRENT_PROJECT_VERSION = 1;
				DEVELOPMENT_TEAM = N9987K9442;
				GENERATE_INFOPLIST_FILE = YES;
				INFOPLIST_FILE = tone_barrier/Info.plist;
				INFOPLIST_KEY_CFBundleDisplayName = ToneBarrier;
				INFOPLIST_KEY_UIApplicationSupportsIndirectInputEvents = YES;
				INFOPLIST_KEY_UILaunchStoryboardName = LaunchScreen;
				INFOPLIST_KEY_UIMainStoryboardFile = Main;
				INFOPLIST_KEY_UIRequiresFullScreen = YES;
				INFOPLIST_KEY_UISupportedInterfaceOrientations_iPad = "UIInterfaceOrientationPortrait UIInterfaceOrientationPortraitUpsideDown UIInterfaceOrientationLandscapeLeft UIInterfaceOrientationLandscapeRight";
				INFOPLIST_KEY_UISupportedInterfaceOrientations_iPhone = "UIInterfaceOrientationPortrait UIInterfaceOrientationLandscapeLeft UIInterfaceOrientationLandscapeRight";
				LD_RUNPATH_SEARCH_PATHS = (
					"$(inherited)",
					"@executable_path/Frameworks",
				);
				MARKETING_VERSION = 1.0;
				PRODUCT_BUNDLE_IDENTIFIER = "com.blogspot.demonicactivity.bush.alan.james.tone-barrier";
				PRODUCT_NAME = "$(TARGET_NAME)";
				SWIFT_EMIT_LOC_STRINGS = YES;
				TARGETED_DEVICE_FAMILY = "1,2";
			};
			name = Debug;
		};
		B9F10678289A1501007BC7F7 /* Release */ = {
			isa = XCBuildConfiguration;
			buildSettings = {
				ASSETCATALOG_COMPILER_APPICON_NAME = AppIcon;
				ASSETCATALOG_COMPILER_GLOBAL_ACCENT_COLOR_NAME = AccentColor;
				CODE_SIGN_STYLE = Automatic;
				CURRENT_PROJECT_VERSION = 1;
				DEVELOPMENT_TEAM = N9987K9442;
				GENERATE_INFOPLIST_FILE = YES;
				INFOPLIST_FILE = tone_barrier/Info.plist;
				INFOPLIST_KEY_CFBundleDisplayName = ToneBarrier;
				INFOPLIST_KEY_UIApplicationSupportsIndirectInputEvents = YES;
				INFOPLIST_KEY_UILaunchStoryboardName = LaunchScreen;
				INFOPLIST_KEY_UIMainStoryboardFile = Main;
				INFOPLIST_KEY_UIRequiresFullScreen = YES;
				INFOPLIST_KEY_UISupportedInterfaceOrientations_iPad = "UIInterfaceOrientationPortrait UIInterfaceOrientationPortraitUpsideDown UIInterfaceOrientationLandscapeLeft UIInterfaceOrientationLandscapeRight";
				INFOPLIST_KEY_UISupportedInterfaceOrientations_iPhone = "UIInterfaceOrientationPortrait UIInterfaceOrientationLandscapeLeft UIInterfaceOrientationLandscapeRight";
				LD_RUNPATH_SEARCH_PATHS = (
					"$(inherited)",
					"@executable_path/Frameworks",
				);
				MARKETING_VERSION = 1.0;
				PRODUCT_BUNDLE_IDENTIFIER = "com.blogspot.demonicactivity.bush.alan.james.tone-barrier";
				PRODUCT_NAME = "$(TARGET_NAME)";
				SWIFT_EMIT_LOC_STRINGS = YES;
				TARGETED_DEVICE_FAMILY = "1,2";
			};
			name = Release;
		};
/* End XCBuildConfiguration section */

/* Begin XCConfigurationList section */
		B9F10658289A1501007BC7F7 /* Build configuration list for PBXProject "tone_barrier" */ = {
			isa = XCConfigurationList;
			buildConfigurations = (
				B9F10674289A1501007BC7F7 /* Debug */,
				B9F10675289A1501007BC7F7 /* Release */,
			);
			defaultConfigurationIsVisible = 0;
			defaultConfigurationName = Release;
		};
		B9F10676289A1501007BC7F7 /* Build configuration list for PBXNativeTarget "tone_barrier" */ = {
			isa = XCConfigurationList;
			buildConfigurations = (
				B9F10677289A1501007BC7F7 /* Debug */,
				B9F10678289A1501007BC7F7 /* Release */,
			);
			defaultConfigurationIsVisible = 0;
			defaultConfigurationName = Release;
		};
/* End XCConfigurationList section */
	};
	rootObject = B9F10655289A1501007BC7F7 /* Project object */;
}
